
Microsoft Visual Studio Solution File, Format Version 12.00
# Visual Studio 2017
Project("{FAE04EC0-301F-11D3-BF4B-00C04F79EFBC}") = "AddingNumbers", "AddingNumbers.csproj", "{0CC6A369-F15E-BBBB-FA69-FBC843FE8A4C}"
EndProject
Global
	GlobalSection(SolutionConfigurationPlatforms) = preSolution
		Debug|Any CPU = Debug|Any CPU
		Release|Any CPU = Release|Any CPU
	EndGlobalSection
	GlobalSection(ProjectConfigurationPlatforms) = postSolution
		{0CC6A369-F15E-BBBB-FA69-FBC843FE8A4C}.Debug|Any CPU.ActiveCfg = Debug|Any CPU
		{0CC6A369-F15E-BBBB-FA69-FBC843FE8A4C}.Debug|Any CPU.Build.0 = Debug|Any CPU
		{0CC6A369-F15E-BBBB-FA69-FBC843FE8A4C}.Release|Any CPU.ActiveCfg = Release|Any CPU
		{0CC6A369-F15E-BBBB-FA69-FBC843FE8A4C}.Release|Any CPU.Build.0 = Release|Any CPU
	EndGlobalSection
	GlobalSection(SolutionProperties) = preSolution
		HideSolutionNode = FALSE
	EndGlobalSection
EndGlobal
