
Microsoft Visual Studio Solution File, Format Version 12.00
# Visual Studio 2017
Project("{FAE04EC0-301F-11D3-BF4B-00C04F79EFBC}") = "RandomMultiplicationNumbers", "RandomMultiplicationNumbers.csproj", "{10A0CDAD-5827-4889-6218-45DABA9F508D}"
EndProject
Global
	GlobalSection(SolutionConfigurationPlatforms) = preSolution
		Debug|Any CPU = Debug|Any CPU
		Release|Any CPU = Release|Any CPU
	EndGlobalSection
	GlobalSection(ProjectConfigurationPlatforms) = postSolution
		{10A0CDAD-5827-4889-6218-45DABA9F508D}.Debug|Any CPU.ActiveCfg = Debug|Any CPU
		{10A0CDAD-5827-4889-6218-45DABA9F508D}.Debug|Any CPU.Build.0 = Debug|Any CPU
		{10A0CDAD-5827-4889-6218-45DABA9F508D}.Release|Any CPU.ActiveCfg = Release|Any CPU
		{10A0CDAD-5827-4889-6218-45DABA9F508D}.Release|Any CPU.Build.0 = Release|Any CPU
	EndGlobalSection
	GlobalSection(SolutionProperties) = preSolution
		HideSolutionNode = FALSE
	EndGlobalSection
EndGlobal
